<?xml version="1.0" encoding="utf-8"?>
<Project ToolsVersion="4.0" xmlns="http://schemas.microsoft.com/developer/msbuild/2003">
  <ItemGroup>
    <Filter Include="main">
      <UniqueIdentifier>{f3dc3302-749f-4bc3-a61a-d2be60f9d964}</UniqueIdentifier>
    </Filter>
    <Filter Include="res">
      <UniqueIdentifier>{27f9a4b7-5035-4fe8-b326-da0deaa57cf3}</UniqueIdentifier>
    </Filter>
    <Filter Include="framework">
      <UniqueIdentifier>{cb4cea81-342a-413d-8e5d-cc219485466a}</UniqueIdentifier>
    </Filter>
    <Filter Include="wui">
      <UniqueIdentifier>{b41185ab-e9a1-4e0b-920e-21fa79a33081}</UniqueIdentifier>
    </Filter>
    <Filter Include="wui_Example1">
      <UniqueIdentifier>{d121c96f-41d1-440b-89cf-4f18efd50ff7}</UniqueIdentifier>
    </Filter>
    <Filter Include="wui_Example2">
      <UniqueIdentifier>{7ff755dc-e00d-4ca7-b269-3e2dea33d259}</UniqueIdentifier>
    </Filter>
    <Filter Include="wui_Test">
      <UniqueIdentifier>{bcc445d5-39c8-4e0a-aec0-da0069c2155d}</UniqueIdentifier>
    </Filter>
    <Filter Include="wui_Example3">
      <UniqueIdentifier>{09de0e8b-b208-49d6-b077-acad4067fdf4}</UniqueIdentifier>
    </Filter>
  </ItemGroup>
  <ItemGroup>
    <ClInclude Include="main.hpp">
      <Filter>main</Filter>
    </ClInclude>
    <ClInclude Include="framework.h">
      <Filter>framework</Filter>
    </ClInclude>
    <ClInclude Include="targetver.h">
      <Filter>framework</Filter>
    </ClInclude>
    <ClInclude Include="Res\Resource.h">
      <Filter>res</Filter>
    </ClInclude>
    <ClInclude Include="wui\WindowMessageManipulator.hpp">
      <Filter>wui</Filter>
    </ClInclude>
    <ClInclude Include="wui\Core.hpp">
      <Filter>wui</Filter>
    </ClInclude>
    <ClInclude Include="wui\WindowFunction.hpp">
      <Filter>wui</Filter>
    </ClInclude>
    <ClInclude Include="wui_Example1\MainFrame.hpp">
      <Filter>wui_Example1</Filter>
    </ClInclude>
    <ClInclude Include="wui_Example1\View.hpp">
      <Filter>wui_Example1</Filter>
    </ClInclude>
    <ClInclude Include="wui_Example1\AboutDialog.hpp">
      <Filter>wui_Example1</Filter>
    </ClInclude>
    <ClInclude Include="wui_Example2\WebBrowser.hpp">
      <Filter>wui_Example2</Filter>
    </ClInclude>
    <ClInclude Include="wui_Example2\AboutDialog.hpp">
      <Filter>wui_Example2</Filter>
    </ClInclude>
    <ClInclude Include="wui_Example2\MainFrame.hpp">
      <Filter>wui_Example2</Filter>
    </ClInclude>
    <ClInclude Include="wui_Example2\uri.hpp">
      <Filter>wui_Example2</Filter>
    </ClInclude>
    <ClInclude Include="wui_Test\View.hpp">
      <Filter>wui_Test</Filter>
    </ClInclude>
    <ClInclude Include="wui_Test\AboutDialog.hpp">
      <Filter>wui_Test</Filter>
    </ClInclude>
    <ClInclude Include="wui_Test\AboutModelessDialog.hpp">
      <Filter>wui_Test</Filter>
    </ClInclude>
    <ClInclude Include="wui_Test\MainFrame.hpp">
      <Filter>wui_Test</Filter>
    </ClInclude>
    <ClInclude Include="wui_Test\OtherWindow.hpp">
      <Filter>wui_Test</Filter>
    </ClInclude>
    <ClInclude Include="wui_Example3\WebView.hpp">
      <Filter>wui_Example3</Filter>
    </ClInclude>
    <ClInclude Include="wui_Example3\AboutDialog.hpp">
      <Filter>wui_Example3</Filter>
    </ClInclude>
    <ClInclude Include="wui_Example3\MainFrame.hpp">
      <Filter>wui_Example3</Filter>
    </ClInclude>
  </ItemGroup>
  <ItemGroup>
    <ClCompile Include="main.cpp">
      <Filter>main</Filter>
    </ClCompile>
    <ClCompile Include="wui\Core.cpp">
      <Filter>wui</Filter>
    </ClCompile>
    <ClCompile Include="wui\WindowFunction.cpp">
      <Filter>wui</Filter>
    </ClCompile>
    <ClCompile Include="wui\WindowMessageManipulator.cpp">
      <Filter>wui</Filter>
    </ClCompile>
    <ClCompile Include="wui_Example1\MainFrame.cpp">
      <Filter>wui_Example1</Filter>
    </ClCompile>
    <ClCompile Include="wui_Example2\MainFrame.cpp">
      <Filter>wui_Example2</Filter>
    </ClCompile>
    <ClCompile Include="wui_Example2\uri.cpp">
      <Filter>wui_Example2</Filter>
    </ClCompile>
    <ClCompile Include="wui_Example2\WebBrowser.cpp">
      <Filter>wui_Example2</Filter>
    </ClCompile>
    <ClCompile Include="wui_Test\MainFrame.cpp">
      <Filter>wui_Test</Filter>
    </ClCompile>
    <ClCompile Include="wui_Example3\MainFrame.cpp">
      <Filter>wui_Example3</Filter>
    </ClCompile>
    <ClCompile Include="wui_Example3\WebView.cpp">
      <Filter>wui_Example3</Filter>
    </ClCompile>
  </ItemGroup>
  <ItemGroup>
    <Image Include="Res\small.ico">
      <Filter>res</Filter>
    </Image>
    <Image Include="Res\mordern_cpp_window.ico">
      <Filter>res</Filter>
    </Image>
  </ItemGroup>
  <ItemGroup>
    <ResourceCompile Include="Res\mordern_cpp_window.rc">
      <Filter>res</Filter>
    </ResourceCompile>
  </ItemGroup>
  <ItemGroup>
    <None Include="Res\basic.css">
      <Filter>res</Filter>
    </None>
    <None Include="Res\basic.js">
      <Filter>res</Filter>
    </None>
    <None Include="Res\index.html">
      <Filter>res</Filter>
    </None>
  </ItemGroup>
</Project>